{
  "version": 4,
  "terraform_version": "1.5.5",
  "serial": 3,
  "lineage": "65ad12bd-23da-f1e7-0ffd-75f2eeb6ea1a",
  "outputs": {},
  "resources": [
    {
      "mode": "managed",
      "type": "databricks_pipeline",
      "name": "bronze_unit_tests",
      "provider": "provider[\"registry.terraform.io/databricks/databricks\"]",
      "instances": [
        {
          "schema_version": 0,
          "attributes": {
            "allow_duplicate_names": false,
            "budget_policy_id": null,
            "catalog": "dev",
            "cause": null,
            "channel": "CURRENT",
            "cluster": [],
            "cluster_id": null,
            "configuration": {
              "catalog": "dev",
              "raw_data_path": "dbfs:/Volumes/raw_ingest_catalog/default/comscore/ANDROID_URL_TRAFFIC/US/2019/01/6941",
              "schema": "bronze",
              "table_name": "comscore_bz_mobile_traffic",
              "test_table_name": "test_table"
            },
            "continuous": false,
            "creator_user_name": "pavle@researchaccelerator.org",
            "deployment": [
              {
                "kind": "BUNDLE",
                "metadata_file_path": "/Workspace/Users/pavle@researchaccelerator.org/.bundle/bronze_comscore/dev/state/metadata.json"
              }
            ],
            "development": true,
            "edition": "ADVANCED",
            "expected_last_modified": 0,
            "filters": [],
            "gateway_definition": [],
            "health": null,
            "id": "08765759-a034-4512-8d9e-fe917bdfe779",
            "ingestion_definition": [],
            "last_modified": 1744321935761,
            "latest_updates": null,
            "library": [
              {
                "file": [
                  {
                    "path": "/Workspace/Users/pavle@researchaccelerator.org/.bundle/bronze_comscore/dev/files/bundles/bronze/comscore/tests/test_pipeline.py"
                  }
                ],
                "jar": "",
                "maven": [],
                "notebook": [],
                "whl": ""
              }
            ],
            "name": "[dev pavle] dev - Comscore Bronze Unit Tests",
            "notification": [],
            "photon": false,
            "restart_window": [],
            "run_as": [
              {
                "service_principal_name": "",
                "user_name": "pavle@researchaccelerator.org"
              }
            ],
            "run_as_user_name": "pavle@researchaccelerator.org",
            "schema": null,
            "serverless": false,
            "state": "IDLE",
            "storage": null,
            "target": "bronze",
            "timeouts": null,
            "trigger": [],
            "url": "https://adb-1335559103600339.19.azuredatabricks.net/#joblist/pipelines/08765759-a034-4512-8d9e-fe917bdfe779"
          },
          "sensitive_attributes": [],
          "private": "eyJlMmJmYjczMC1lY2FhLTExZTYtOGY4OC0zNDM2M2JjN2M0YzAiOnsiY3JlYXRlIjoxMjAwMDAwMDAwMDAwLCJkZWZhdWx0IjoxMjAwMDAwMDAwMDAwLCJkZWxldGUiOjEyMDAwMDAwMDAwMDAsInJlYWQiOjEyMDAwMDAwMDAwMDAsInVwZGF0ZSI6MTIwMDAwMDAwMDAwMH19"
        }
      ]
    },
    {
      "mode": "managed",
      "type": "databricks_pipeline",
      "name": "comscore_bronze_ingest",
      "provider": "provider[\"registry.terraform.io/databricks/databricks\"]",
      "instances": [
        {
          "schema_version": 0,
          "attributes": {
            "allow_duplicate_names": false,
            "budget_policy_id": null,
            "catalog": "dev",
            "cause": null,
            "channel": "CURRENT",
            "cluster": [],
            "cluster_id": null,
            "configuration": {
              "catalog": "dev",
              "file_format": "csv",
              "file_pattern": "*.csv.gz",
              "platform": "Comscore",
              "platform_code": "CS",
              "raw_data_path": "dbfs:/Volumes/raw_ingest_catalog/default/comscore/ANDROID_URL_TRAFFIC/US/2019/01/6941",
              "sampling_method": "N/A",
              "schema": "bronze",
              "schema_path": "dbfs:/Volumes/dev_catalog/default/comscore_raw/comscore_mobile_traffic_schema.json",
              "sourcing_system": "Comscore",
              "table_name": "comscore_bz_mobile_traffic"
            },
            "continuous": false,
            "creator_user_name": "pavle@researchaccelerator.org",
            "deployment": [
              {
                "kind": "BUNDLE",
                "metadata_file_path": "/Workspace/Users/pavle@researchaccelerator.org/.bundle/bronze_comscore/dev/state/metadata.json"
              }
            ],
            "development": true,
            "edition": "ADVANCED",
            "expected_last_modified": 0,
            "filters": [],
            "gateway_definition": [],
            "health": null,
            "id": "151de882-6d79-4749-8d1b-c73f5c3be263",
            "ingestion_definition": [],
            "last_modified": 1744321936055,
            "latest_updates": null,
            "library": [
              {
                "file": [
                  {
                    "path": "/Workspace/Users/pavle@researchaccelerator.org/.bundle/bronze_comscore/dev/files/bundles/bronze/comscore/comscore_bronze_pipeline.py"
                  }
                ],
                "jar": "",
                "maven": [],
                "notebook": [],
                "whl": ""
              }
            ],
            "name": "[dev pavle] dev - Comscore Bronze Ingest",
            "notification": [],
            "photon": true,
            "restart_window": [],
            "run_as": [
              {
                "service_principal_name": "",
                "user_name": "pavle@researchaccelerator.org"
              }
            ],
            "run_as_user_name": "pavle@researchaccelerator.org",
            "schema": null,
            "serverless": true,
            "state": "IDLE",
            "storage": null,
            "target": "bronze",
            "timeouts": null,
            "trigger": [],
            "url": "https://adb-1335559103600339.19.azuredatabricks.net/#joblist/pipelines/151de882-6d79-4749-8d1b-c73f5c3be263"
          },
          "sensitive_attributes": [],
          "private": "eyJlMmJmYjczMC1lY2FhLTExZTYtOGY4OC0zNDM2M2JjN2M0YzAiOnsiY3JlYXRlIjoxMjAwMDAwMDAwMDAwLCJkZWZhdWx0IjoxMjAwMDAwMDAwMDAwLCJkZWxldGUiOjEyMDAwMDAwMDAwMDAsInJlYWQiOjEyMDAwMDAwMDAwMDAsInVwZGF0ZSI6MTIwMDAwMDAwMDAwMH19"
        }
      ]
    }
  ],
  "check_results": null
}
