{
  "version": 4,
  "terraform_version": "1.5.5",
  "serial": 94,
  "lineage": "2c6c1baa-ed23-a435-c206-2af0e794e0b8",
  "outputs": {},
  "resources": [
    {
      "mode": "managed",
      "type": "databricks_pipeline",
      "name": "bronze_unit_tests",
      "provider": "provider[\"registry.terraform.io/databricks/databricks\"]",
      "instances": [
        {
          "schema_version": 0,
          "attributes": {
            "allow_duplicate_names": false,
            "budget_policy_id": null,
            "catalog": null,
            "cause": null,
            "channel": "CURRENT",
            "cluster": [],
            "cluster_id": null,
            "configuration": {
              "test_table_name": "test_table"
            },
            "continuous": false,
            "creator_user_name": "kai.pak@researchaccelerator.org",
            "deployment": [
              {
                "kind": "BUNDLE",
                "metadata_file_path": "/Workspace/Shared/.pipelines/bronze_telegram/state/metadata.json"
              }
            ],
            "development": false,
            "edition": "ADVANCED",
            "expected_last_modified": 0,
            "filters": [],
            "gateway_definition": [],
            "health": null,
            "id": "ad555061-4926-45bb-9ce6-e14913d468d1",
            "ingestion_definition": [],
            "last_modified": 1743307963921,
            "latest_updates": [],
            "library": [
              {
                "file": [
                  {
                    "path": "/Workspace/Shared/.pipelines/bronze_telegram/files/bundles/bronze/telegram/tests/test_pipeline.py"
                  }
                ],
                "jar": "",
                "maven": [],
                "notebook": [],
                "whl": ""
              }
            ],
            "name": "qa_catalog - Telegram Bronze Unit Tests",
            "notification": [],
            "photon": false,
            "restart_window": [],
            "run_as": [
              {
                "service_principal_name": "",
                "user_name": "kai.pak@researchaccelerator.org"
              }
            ],
            "run_as_user_name": "kai.pak@researchaccelerator.org",
            "schema": null,
            "serverless": false,
            "state": "IDLE",
            "storage": "dbfs:/pipelines/ad555061-4926-45bb-9ce6-e14913d468d1",
            "target": "bronze",
            "timeouts": null,
            "trigger": [],
            "url": "https://adb-1335559103600339.19.azuredatabricks.net/#joblist/pipelines/ad555061-4926-45bb-9ce6-e14913d468d1"
          },
          "sensitive_attributes": [],
          "private": "eyJlMmJmYjczMC1lY2FhLTExZTYtOGY4OC0zNDM2M2JjN2M0YzAiOnsiY3JlYXRlIjoxMjAwMDAwMDAwMDAwLCJkZWZhdWx0IjoxMjAwMDAwMDAwMDAwLCJkZWxldGUiOjEyMDAwMDAwMDAwMDAsInJlYWQiOjEyMDAwMDAwMDAwMDAsInVwZGF0ZSI6MTIwMDAwMDAwMDAwMH19"
        }
      ]
    },
    {
      "mode": "managed",
      "type": "databricks_pipeline",
      "name": "telegram_bronze_ingest",
      "provider": "provider[\"registry.terraform.io/databricks/databricks\"]",
      "instances": [
        {
          "schema_version": 0,
          "attributes": {
            "allow_duplicate_names": false,
            "budget_policy_id": null,
            "catalog": "qa_catalog",
            "cause": null,
            "channel": "CURRENT",
            "cluster": [],
            "cluster_id": null,
            "configuration": {
              "catalog": "qa_catalog",
              "file_format": "json",
              "file_pattern": "*[a-zA-Z].jsonl",
              "platform": "Telegram",
              "platform_code": "TG",
              "raw_data_path": "dbfs:/Volumes/dev_catalog/default/telegram_raw/tdlib-scraper/CRAWLS",
              "sampling_method": "Panel",
              "schema": "bronze",
              "schema_path": "dbfs:/Volumes/dev_catalog/default/telegram_raw/tdlib-scraper/schema/v2.2.json",
              "sourcing_system": "tdlib-scraper",
              "table_name": "telegram_bz_qa_tdlib_scraper_all_dt"
            },
            "continuous": false,
            "creator_user_name": "kai.pak@researchaccelerator.org",
            "deployment": [
              {
                "kind": "BUNDLE",
                "metadata_file_path": "/Workspace/Shared/.pipelines/bronze_telegram/state/metadata.json"
              }
            ],
            "development": false,
            "edition": "ADVANCED",
            "expected_last_modified": 0,
            "filters": [],
            "gateway_definition": [],
            "health": null,
            "id": "6e4aca2e-93ee-47a0-9748-15ddb8d0d6cb",
            "ingestion_definition": [],
            "last_modified": 1743532509181,
            "latest_updates": [
              {
                "creation_time": "2025-03-30T04:13:04.319Z",
                "state": "COMPLETED",
                "update_id": "0ad06fd5-b7e8-4c40-9a84-898160b6428f"
              }
            ],
            "library": [
              {
                "file": [
                  {
                    "path": "/Workspace/Shared/.pipelines/bronze_telegram/files/bundles/bronze/telegram/telegram_bronze_pipeline.py"
                  }
                ],
                "jar": "",
                "maven": [],
                "notebook": [],
                "whl": ""
              }
            ],
            "name": "qa_catalog - Telegram Bronze Ingest",
            "notification": [],
            "photon": false,
            "restart_window": [],
            "run_as": [
              {
                "service_principal_name": "",
                "user_name": "kai.pak@researchaccelerator.org"
              }
            ],
            "run_as_user_name": "kai.pak@researchaccelerator.org",
            "schema": null,
            "serverless": true,
            "state": "IDLE",
            "storage": null,
            "target": "bronze",
            "timeouts": null,
            "trigger": [],
            "url": "https://adb-1335559103600339.19.azuredatabricks.net/#joblist/pipelines/6e4aca2e-93ee-47a0-9748-15ddb8d0d6cb"
          },
          "sensitive_attributes": [],
          "private": "eyJlMmJmYjczMC1lY2FhLTExZTYtOGY4OC0zNDM2M2JjN2M0YzAiOnsiY3JlYXRlIjoxMjAwMDAwMDAwMDAwLCJkZWZhdWx0IjoxMjAwMDAwMDAwMDAwLCJkZWxldGUiOjEyMDAwMDAwMDAwMDAsInJlYWQiOjEyMDAwMDAwMDAwMDAsInVwZGF0ZSI6MTIwMDAwMDAwMDAwMH19"
        }
      ]
    }
  ],
  "check_results": null
}
