{
  "version": 4,
  "terraform_version": "1.5.5",
  "serial": 132,
  "lineage": "71d58451-9bc8-d5a7-20ca-0b4c907e3c0f",
  "outputs": {},
  "resources": [
    {
      "mode": "managed",
      "type": "databricks_pipeline",
      "name": "bronze_unit_tests",
      "provider": "provider[\"registry.terraform.io/databricks/databricks\"]",
      "instances": [
        {
          "schema_version": 0,
          "attributes": {
            "allow_duplicate_names": false,
            "budget_policy_id": null,
            "catalog": null,
            "cause": null,
            "channel": "CURRENT",
            "cluster": [],
            "cluster_id": null,
            "configuration": {
              "test_table_name": "test_table"
            },
            "continuous": false,
            "creator_user_name": "pavle@researchaccelerator.org",
            "deployment": [
              {
                "kind": "BUNDLE",
                "metadata_file_path": "/Workspace/Shared/.pipelines/bronze_comscore/state/metadata.json"
              }
            ],
            "development": false,
            "edition": "ADVANCED",
            "event_log": [],
            "expected_last_modified": 0,
            "filters": [],
            "gateway_definition": [],
            "health": null,
            "id": "626fb305-1997-4ab8-b360-a8d0ec31e60e",
            "ingestion_definition": [],
            "last_modified": 1745022198881,
            "latest_updates": [],
            "library": [
              {
                "file": [
                  {
                    "path": "/Workspace/Shared/.pipelines/bronze_comscore/files/bundles/bronze/comscore/tests/test_pipeline.py"
                  }
                ],
                "jar": "",
                "maven": [],
                "notebook": [],
                "whl": ""
              }
            ],
            "name": "qa_comscore - Comscore Bronze Unit Tests",
            "notification": [],
            "photon": false,
            "restart_window": [],
            "run_as": [
              {
                "service_principal_name": "",
                "user_name": "pavle@researchaccelerator.org"
              }
            ],
            "run_as_user_name": "pavle@researchaccelerator.org",
            "schema": null,
            "serverless": false,
            "state": "IDLE",
            "storage": "dbfs:/pipelines/626fb305-1997-4ab8-b360-a8d0ec31e60e",
            "target": "bronze",
            "timeouts": null,
            "trigger": [],
            "url": "https://adb-1335559103600339.19.azuredatabricks.net/#joblist/pipelines/626fb305-1997-4ab8-b360-a8d0ec31e60e"
          },
          "sensitive_attributes": [],
          "private": "eyJlMmJmYjczMC1lY2FhLTExZTYtOGY4OC0zNDM2M2JjN2M0YzAiOnsiY3JlYXRlIjoxMjAwMDAwMDAwMDAwLCJkZWZhdWx0IjoxMjAwMDAwMDAwMDAwLCJkZWxldGUiOjEyMDAwMDAwMDAwMDAsInJlYWQiOjEyMDAwMDAwMDAwMDAsInVwZGF0ZSI6MTIwMDAwMDAwMDAwMH19"
        }
      ]
    },
    {
      "mode": "managed",
      "type": "databricks_pipeline",
      "name": "comscore_bronze_ingest",
      "provider": "provider[\"registry.terraform.io/databricks/databricks\"]",
      "instances": [
        {
          "schema_version": 0,
          "attributes": {
            "allow_duplicate_names": false,
            "budget_policy_id": null,
            "catalog": "qa_comscore",
            "cause": null,
            "channel": "CURRENT",
            "cluster": [],
            "cluster_id": null,
            "configuration": {
              "android_data_path": "dbfs:/Volumes/raw_ingest_catalog/default/comscore/ANDROID_URL_TRAFFIC/US/",
              "browser_type_lookup_data_path": "dbfs:/Volumes/raw_ingest_catalog/default/comscore/Lookups/browser_type/",
              "catalog": "qa_comscore",
              "desktop_data_path": "dbfs:/Volumes/raw_ingest_catalog/default/comscore/DESKTOP_URL_TRAFFIC/US/",
              "desktop_day_session_data_path": "dbfs:/Volumes/raw_ingest_catalog/default/comscore/US/desktop_day_session/",
              "desktop_demographic_data_path": "dbfs:/Volumes/raw_ingest_catalog/default/comscore/US/desktop_demographics/US_comscore_machine_demos_202001.txt.gz",
              "desktop_os_lookup_data_path": "dbfs:/Volumes/raw_ingest_catalog/default/comscore/Lookups/desktop_OS_lookup/",
              "desktop_search_click_data_path": "dbfs:/Volumes/raw_ingest_catalog/default/comscore/US/desktop_search_click/",
              "desktop_search_fact_data_path": "dbfs:/Volumes/raw_ingest_catalog/default/comscore/US/desktop_search_fact/",
              "desktop_web_entity_data_path": "dbfs:/Volumes/raw_ingest_catalog/default/comscore/US/desktop_search_web_entity_map/",
              "file_format": "csv",
              "file_pattern": "*.csv.gz",
              "ios_data_path": "dbfs:/Volumes/raw_ingest_catalog/default/comscore/IOS_URL_TRAFFIC/US/",
              "platform": "Comscore",
              "platform_code": "CS",
              "sampling_method": "N/A",
              "schema": "bronze",
              "schema_path": "dbfs:/Volumes/dev_catalog/default/comscore_raw/comscore_mobile_traffic_schema.json",
              "sourcing_system": "Comscore",
              "table_name": "comscore_bz_mobile_traffic",
              "text_file_pattern": "*.txt.gz",
              "time_lookup_data_path": "dbfs:/Volumes/raw_ingest_catalog/default/comscore/Lookups/time_lookup/",
              "traffic_category_data_path": "dbfs:/Volumes/raw_ingest_catalog/default/comscore/Lookups/traffic_category_map/comscore_category_map_201901.txt.gz"
            },
            "continuous": false,
            "creator_user_name": "pavle@researchaccelerator.org",
            "deployment": [
              {
                "kind": "BUNDLE",
                "metadata_file_path": "/Workspace/Shared/.pipelines/bronze_comscore/state/metadata.json"
              }
            ],
            "development": false,
            "edition": "ADVANCED",
            "event_log": [],
            "expected_last_modified": 0,
            "filters": [],
            "gateway_definition": [],
            "health": null,
            "id": "9b645650-fe00-45bf-897c-6328e4a32f97",
            "ingestion_definition": [],
            "last_modified": 1746655773564,
            "latest_updates": [
              {
                "creation_time": "2025-05-09T08:15:24.439Z",
                "state": "CANCELED",
                "update_id": "c284d034-1a82-4bd8-a1f0-26669a0956da"
              },
              {
                "creation_time": "2025-05-09T08:10:30.836Z",
                "state": "FAILED",
                "update_id": "a79982ad-0263-4c61-b864-f27b2763e327"
              },
              {
                "creation_time": "2025-05-09T08:08:48.387Z",
                "state": "FAILED",
                "update_id": "cd41317a-0d37-434c-ba4b-4b94e322c0f1"
              },
              {
                "creation_time": "2025-05-09T08:01:36.853Z",
                "state": "FAILED",
                "update_id": "7d11ae75-97c3-48ca-8a7a-164426b08572"
              },
              {
                "creation_time": "2025-05-09T08:00:54.487Z",
                "state": "FAILED",
                "update_id": "b794b72c-ff83-498b-b000-64acf251688f"
              }
            ],
            "library": [
              {
                "file": [
                  {
                    "path": "/Workspace/Shared/.pipelines/bronze_comscore/files/bundles/bronze/comscore/comscore_bronze_pipeline.py"
                  }
                ],
                "jar": "",
                "maven": [],
                "notebook": [],
                "whl": ""
              }
            ],
            "name": "qa_comscore - Comscore Bronze Ingest",
            "notification": [],
            "photon": true,
            "restart_window": [],
            "run_as": [
              {
                "service_principal_name": "",
                "user_name": "pavle@researchaccelerator.org"
              }
            ],
            "run_as_user_name": "pavle@researchaccelerator.org",
            "schema": null,
            "serverless": true,
            "state": "IDLE",
            "storage": null,
            "target": "bronze",
            "timeouts": null,
            "trigger": [],
            "url": "https://adb-1335559103600339.19.azuredatabricks.net/#joblist/pipelines/9b645650-fe00-45bf-897c-6328e4a32f97"
          },
          "sensitive_attributes": [],
          "private": "eyJlMmJmYjczMC1lY2FhLTExZTYtOGY4OC0zNDM2M2JjN2M0YzAiOnsiY3JlYXRlIjoxMjAwMDAwMDAwMDAwLCJkZWZhdWx0IjoxMjAwMDAwMDAwMDAwLCJkZWxldGUiOjEyMDAwMDAwMDAwMDAsInJlYWQiOjEyMDAwMDAwMDAwMDAsInVwZGF0ZSI6MTIwMDAwMDAwMDAwMH19"
        }
      ]
    },
    {
      "mode": "managed",
      "type": "databricks_pipeline",
      "name": "comscore_desktop_ingest",
      "provider": "provider[\"registry.terraform.io/databricks/databricks\"]",
      "instances": [
        {
          "schema_version": 0,
          "attributes": {
            "allow_duplicate_names": false,
            "budget_policy_id": null,
            "catalog": "qa_comscore",
            "cause": null,
            "channel": "CURRENT",
            "cluster": [
              {
                "apply_policy_default_values": false,
                "autoscale": [
                  {
                    "max_workers": 48,
                    "min_workers": 4,
                    "mode": ""
                  }
                ],
                "aws_attributes": [],
                "azure_attributes": [],
                "cluster_log_conf": [],
                "custom_tags": {},
                "driver_instance_pool_id": "",
                "driver_node_type_id": "",
                "enable_local_disk_encryption": false,
                "gcp_attributes": [],
                "init_scripts": [],
                "instance_pool_id": "",
                "label": "default",
                "node_type_id": "Standard_E8_v3",
                "num_workers": 0,
                "policy_id": "",
                "spark_conf": {
                  "spark.driver.extraJavaOptions": "-XX:+UseG1GC",
                  "spark.driver.memory": "10g",
                  "spark.driver.memoryOverhead": "2g",
                  "spark.executor.cores": "7",
                  "spark.executor.extraJavaOptions": "-XX:+UseG1GC",
                  "spark.executor.memory": "52g",
                  "spark.executor.memoryOverhead": "8g"
                },
                "spark_env_vars": {},
                "ssh_public_keys": []
              }
            ],
            "cluster_id": "0509-021826-vlm91357",
            "configuration": {
              "desktop_data_path": "dbfs:/Volumes/raw_ingest_catalog/default/comscore/DESKTOP_URL_TRAFFIC/US/",
              "file_format": "csv",
              "file_pattern": "*.csv.gz",
              "platform": "Comscore",
              "platform_code": "CS",
              "sampling_method": "N/A",
              "schema_path": "dbfs:/Volumes/dev_catalog/default/comscore_raw/comscore_desktop_traffic_schema.json",
              "sourcing_system": "Comscore",
              "text_file_pattern": "*.txt.gz"
            },
            "continuous": false,
            "creator_user_name": "kai.pak@researchaccelerator.org",
            "deployment": [
              {
                "kind": "BUNDLE",
                "metadata_file_path": "/Workspace/Shared/.pipelines/bronze_comscore/state/metadata.json"
              }
            ],
            "development": false,
            "edition": "ADVANCED",
            "event_log": [],
            "expected_last_modified": 0,
            "filters": [],
            "gateway_definition": [],
            "health": null,
            "id": "c2a6f779-24f0-4502-87cb-c53fb95f25fd",
            "ingestion_definition": [],
            "last_modified": 1746909355439,
            "latest_updates": [
              {
                "creation_time": "2025-05-10T20:36:06.098Z",
                "state": "COMPLETED",
                "update_id": "b63412e3-c030-4d59-9f88-3e423e908f67"
              },
              {
                "creation_time": "2025-05-10T19:11:50.151Z",
                "state": "CANCELED",
                "update_id": "9ce8428a-2fc2-4a6a-98a6-26b2a60bb859"
              },
              {
                "creation_time": "2025-05-10T18:59:17.124Z",
                "state": "CANCELED",
                "update_id": "a8f0e28f-ea99-46c5-b6c4-34158086799c"
              },
              {
                "creation_time": "2025-05-10T16:58:28.782Z",
                "state": "CANCELED",
                "update_id": "8ba0d501-6486-4303-a3da-c3b310571425"
              },
              {
                "creation_time": "2025-05-10T16:50:50.598Z",
                "state": "CANCELED",
                "update_id": "c3c08821-31f6-4acf-825d-4d823f707cfb"
              }
            ],
            "library": [
              {
                "file": [
                  {
                    "path": "/Workspace/Shared/.pipelines/bronze_comscore/files/bundles/bronze/comscore/comscore_desktop_pl.py"
                  }
                ],
                "jar": "",
                "maven": [],
                "notebook": [],
                "whl": ""
              }
            ],
            "name": "qa_comscore - Comscore Desktop Ingest",
            "notification": [],
            "photon": true,
            "restart_window": [],
            "run_as": [
              {
                "service_principal_name": "",
                "user_name": "kai.pak@researchaccelerator.org"
              }
            ],
            "run_as_user_name": "kai.pak@researchaccelerator.org",
            "schema": null,
            "serverless": false,
            "state": "IDLE",
            "storage": null,
            "target": "bronze",
            "timeouts": null,
            "trigger": [],
            "url": "https://adb-1335559103600339.19.azuredatabricks.net/#joblist/pipelines/c2a6f779-24f0-4502-87cb-c53fb95f25fd"
          },
          "sensitive_attributes": [],
          "private": "eyJlMmJmYjczMC1lY2FhLTExZTYtOGY4OC0zNDM2M2JjN2M0YzAiOnsiY3JlYXRlIjoxMjAwMDAwMDAwMDAwLCJkZWZhdWx0IjoxMjAwMDAwMDAwMDAwLCJkZWxldGUiOjEyMDAwMDAwMDAwMDAsInJlYWQiOjEyMDAwMDAwMDAwMDAsInVwZGF0ZSI6MTIwMDAwMDAwMDAwMH19"
        }
      ]
    },
    {
      "mode": "managed",
      "type": "databricks_pipeline",
      "name": "comscore_mobile_ingest",
      "provider": "provider[\"registry.terraform.io/databricks/databricks\"]",
      "instances": [
        {
          "schema_version": 0,
          "attributes": {
            "allow_duplicate_names": false,
            "budget_policy_id": null,
            "catalog": "qa_comscore",
            "cause": null,
            "channel": "CURRENT",
            "cluster": [],
            "cluster_id": "0507-221040-6rou6rsw-v2n",
            "configuration": {
              "android_data_path": "dbfs:/Volumes/raw_ingest_catalog/default/comscore/ANDROID_URL_TRAFFIC/US/",
              "file_format": "csv",
              "file_pattern": "*.csv.gz",
              "ingest_platform": "Comscore",
              "ios_data_path": "dbfs:/Volumes/raw_ingest_catalog/default/comscore/IOS_URL_TRAFFIC/US/",
              "mobile_day_session_data_path": "dbfs:/Volumes/raw_ingest_catalog/default/comscore/US/mobile_day_session/",
              "mobile_demographic_data_path": "dbfs:/Volumes/raw_ingest_catalog/default/comscore/US/mobile_demographics/",
              "platform_code": "CS",
              "sampling_method": "N/A",
              "schema_path": "dbfs:/Volumes/dev_catalog/default/comscore_raw/comscore_mobile_traffic_schema.json",
              "sourcing_system": "Comscore",
              "text_file_pattern": "*.txt.gz"
            },
            "continuous": false,
            "creator_user_name": "kai.pak@researchaccelerator.org",
            "deployment": [
              {
                "kind": "BUNDLE",
                "metadata_file_path": "/Workspace/Shared/.pipelines/bronze_comscore/state/metadata.json"
              }
            ],
            "development": false,
            "edition": "ADVANCED",
            "event_log": [],
            "expected_last_modified": 0,
            "filters": [],
            "gateway_definition": [],
            "health": null,
            "id": "8b09f335-c693-4005-bbcf-fc9e53dfb594",
            "ingestion_definition": [],
            "last_modified": 1747169417516,
            "latest_updates": [
              {
                "creation_time": "2025-05-09T17:00:43.464Z",
                "state": "COMPLETED",
                "update_id": "4cfc968b-b504-4c08-be57-eab916b1d58d"
              },
              {
                "creation_time": "2025-05-07T22:10:39.705Z",
                "state": "COMPLETED",
                "update_id": "020d1b54-45ab-488e-aeb1-4568499468c7"
              }
            ],
            "library": [
              {
                "file": [
                  {
                    "path": "/Workspace/Shared/.pipelines/bronze_comscore/files/bundles/bronze/comscore/comscore_mobile_pl.py"
                  }
                ],
                "jar": "",
                "maven": [],
                "notebook": [],
                "whl": ""
              }
            ],
            "name": "qa_comscore - Comscore Mobile Ingest",
            "notification": [],
            "photon": true,
            "restart_window": [],
            "run_as": [
              {
                "service_principal_name": "",
                "user_name": "kai.pak@researchaccelerator.org"
              }
            ],
            "run_as_user_name": "kai.pak@researchaccelerator.org",
            "schema": null,
            "serverless": true,
            "state": "IDLE",
            "storage": null,
            "target": "bronze",
            "timeouts": null,
            "trigger": [],
            "url": "https://adb-1335559103600339.19.azuredatabricks.net/#joblist/pipelines/8b09f335-c693-4005-bbcf-fc9e53dfb594"
          },
          "sensitive_attributes": [],
          "private": "eyJlMmJmYjczMC1lY2FhLTExZTYtOGY4OC0zNDM2M2JjN2M0YzAiOnsiY3JlYXRlIjoxMjAwMDAwMDAwMDAwLCJkZWZhdWx0IjoxMjAwMDAwMDAwMDAwLCJkZWxldGUiOjEyMDAwMDAwMDAwMDAsInJlYWQiOjEyMDAwMDAwMDAwMDAsInVwZGF0ZSI6MTIwMDAwMDAwMDAwMH19"
        }
      ]
    }
  ],
  "check_results": null
}
