{
  "version": 4,
  "terraform_version": "1.5.5",
  "serial": 16,
  "lineage": "49ce0bca-b3e0-d65c-d23a-c7cd0702a0ac",
  "outputs": {},
  "resources": [
    {
      "mode": "managed",
      "type": "databricks_pipeline",
      "name": "comscore_silver_clean_transform",
      "provider": "provider[\"registry.terraform.io/databricks/databricks\"]",
      "instances": [
        {
          "schema_version": 0,
          "attributes": {
            "allow_duplicate_names": false,
            "budget_policy_id": null,
            "catalog": "dev_pavle",
            "cause": null,
            "channel": "CURRENT",
            "cluster": [],
            "cluster_id": null,
            "configuration": {
              "platform_name": "Comscore",
              "schema_bronze": "bronze"
            },
            "continuous": false,
            "creator_user_name": "pavle@researchaccelerator.org",
            "deployment": [
              {
                "kind": "BUNDLE",
                "metadata_file_path": "/Workspace/Users/pavle@researchaccelerator.org/.bundle/silver_comscore/dev_pavle/state/metadata.json"
              }
            ],
            "development": true,
            "edition": "ADVANCED",
            "expected_last_modified": 0,
            "filters": [],
            "gateway_definition": [],
            "health": null,
            "id": "9e7f0a53-3570-420c-870e-6a5f04fe9ac7",
            "ingestion_definition": [],
            "last_modified": 1749077259524,
            "latest_updates": [
              {
                "creation_time": "2025-05-13T17:59:11.631Z",
                "state": "COMPLETED",
                "update_id": "08ca453b-c58a-4aed-81d9-cc89e462b34c"
              },
              {
                "creation_time": "2025-05-13T17:57:37.111Z",
                "state": "FAILED",
                "update_id": "84f0ffe7-fd89-4192-813e-dd190ae01b52"
              },
              {
                "creation_time": "2025-05-13T17:56:42.113Z",
                "state": "FAILED",
                "update_id": "d1b562a2-a323-43cf-bb92-d33b78b880ff"
              },
              {
                "creation_time": "2025-05-13T17:51:08.105Z",
                "state": "FAILED",
                "update_id": "555cee05-a7bf-44c3-a758-987dbbcfb58a"
              },
              {
                "creation_time": "2025-05-13T16:00:55.452Z",
                "state": "FAILED",
                "update_id": "4c207f1b-5375-49af-b51a-ec0ecf740114"
              }
            ],
            "library": [
              {
                "file": [
                  {
                    "path": "/Workspace/Users/pavle@researchaccelerator.org/.bundle/silver_comscore/dev_pavle/files/bundles/silver/comscore/comscore_silver_pipeline.py"
                  }
                ],
                "jar": "",
                "maven": [],
                "notebook": [],
                "whl": ""
              }
            ],
            "name": "[dev pavle] dev_pavle - Comscore Silver Clean Transform",
            "notification": [],
            "photon": false,
            "restart_window": [],
            "run_as": [
              {
                "service_principal_name": "",
                "user_name": "pavle@researchaccelerator.org"
              }
            ],
            "run_as_user_name": "pavle@researchaccelerator.org",
            "schema": null,
            "serverless": true,
            "state": "IDLE",
            "storage": null,
            "target": "silver",
            "timeouts": null,
            "trigger": [],
            "url": "https://adb-1335559103600339.19.azuredatabricks.net/#joblist/pipelines/9e7f0a53-3570-420c-870e-6a5f04fe9ac7"
          },
          "sensitive_attributes": [],
          "private": "eyJlMmJmYjczMC1lY2FhLTExZTYtOGY4OC0zNDM2M2JjN2M0YzAiOnsiY3JlYXRlIjoxMjAwMDAwMDAwMDAwLCJkZWZhdWx0IjoxMjAwMDAwMDAwMDAwLCJkZWxldGUiOjEyMDAwMDAwMDAwMDAsInJlYWQiOjEyMDAwMDAwMDAwMDAsInVwZGF0ZSI6MTIwMDAwMDAwMDAwMH19"
        }
      ]
    },
    {
      "mode": "managed",
      "type": "databricks_pipeline",
      "name": "comscore_silver_desktop_traffic",
      "provider": "provider[\"registry.terraform.io/databricks/databricks\"]",
      "instances": [
        {
          "schema_version": 0,
          "attributes": {
            "allow_duplicate_names": false,
            "budget_policy_id": null,
            "catalog": "dev_pavle",
            "cause": null,
            "channel": "CURRENT",
            "cluster": [],
            "cluster_id": null,
            "configuration": {
              "catalog": "dev_pavle",
              "desktop_combined_demographic_table": "comscore_bz_desktop_combined_demographic",
              "desktop_os_lookup_table": "comscore_bz_desktop_os_lookup",
              "desktop_traffic_table": "comscore_desktop_traffic",
              "platform_name": "Comscore",
              "schema": "silver",
              "schema_bronze": "bronze",
              "time_lookup_table": "comscore_bz_time_lookup"
            },
            "continuous": false,
            "creator_user_name": "pavle@researchaccelerator.org",
            "deployment": [
              {
                "kind": "BUNDLE",
                "metadata_file_path": "/Workspace/Users/pavle@researchaccelerator.org/.bundle/silver_comscore/dev_pavle/state/metadata.json"
              }
            ],
            "development": true,
            "edition": "ADVANCED",
            "expected_last_modified": 0,
            "filters": [],
            "gateway_definition": [],
            "health": null,
            "id": "a92c6261-698d-4dbb-a87f-637eb5928f12",
            "ingestion_definition": [],
            "last_modified": 1749080308397,
            "latest_updates": [
              {
                "creation_time": "2025-06-04T23:34:09.297Z",
                "state": "FAILED",
                "update_id": "e32a69ca-abbb-4dde-9cc9-23bf0a32f837"
              },
              {
                "creation_time": "2025-06-04T23:02:20.492Z",
                "state": "FAILED",
                "update_id": "aa491cde-2c9f-47ee-b6f1-1c2083f49f88"
              },
              {
                "creation_time": "2025-06-04T22:56:44.517Z",
                "state": "FAILED",
                "update_id": "01e6e04d-6eb5-4958-b2b7-14ff52b46bac"
              },
              {
                "creation_time": "2025-06-04T22:50:04.363Z",
                "state": "FAILED",
                "update_id": "8e98d5e4-6e3a-422e-b24b-6d9e8f7dbe7b"
              }
            ],
            "library": [
              {
                "file": [
                  {
                    "path": "/Workspace/Users/pavle@researchaccelerator.org/.bundle/silver_comscore/dev_pavle/files/bundles/silver/comscore/comscore_silver_desktop_traffic_pl.py"
                  }
                ],
                "jar": "",
                "maven": [],
                "notebook": [],
                "whl": ""
              }
            ],
            "name": "[dev pavle] dev_pavle - Comscore Silver Desktop Traffic",
            "notification": [],
            "photon": false,
            "restart_window": [],
            "run_as": [
              {
                "service_principal_name": "",
                "user_name": "pavle@researchaccelerator.org"
              }
            ],
            "run_as_user_name": "pavle@researchaccelerator.org",
            "schema": null,
            "serverless": true,
            "state": "IDLE",
            "storage": null,
            "target": "silver",
            "timeouts": null,
            "trigger": [],
            "url": "https://adb-1335559103600339.19.azuredatabricks.net/#joblist/pipelines/a92c6261-698d-4dbb-a87f-637eb5928f12"
          },
          "sensitive_attributes": [],
          "private": "eyJlMmJmYjczMC1lY2FhLTExZTYtOGY4OC0zNDM2M2JjN2M0YzAiOnsiY3JlYXRlIjoxMjAwMDAwMDAwMDAwLCJkZWZhdWx0IjoxMjAwMDAwMDAwMDAwLCJkZWxldGUiOjEyMDAwMDAwMDAwMDAsInJlYWQiOjEyMDAwMDAwMDAwMDAsInVwZGF0ZSI6MTIwMDAwMDAwMDAwMH19"
        }
      ]
    },
    {
      "mode": "managed",
      "type": "databricks_pipeline",
      "name": "silver_unit_tests",
      "provider": "provider[\"registry.terraform.io/databricks/databricks\"]",
      "instances": [
        {
          "schema_version": 0,
          "attributes": {
            "allow_duplicate_names": false,
            "budget_policy_id": null,
            "catalog": "dev_pavle",
            "cause": null,
            "channel": "CURRENT",
            "cluster": [],
            "cluster_id": null,
            "configuration": {
              "catalog": "dev_pavle",
              "schema": "silver",
              "test_table_name": "test_table"
            },
            "continuous": false,
            "creator_user_name": "pavle@researchaccelerator.org",
            "deployment": [
              {
                "kind": "BUNDLE",
                "metadata_file_path": "/Workspace/Users/pavle@researchaccelerator.org/.bundle/silver_comscore/dev_pavle/state/metadata.json"
              }
            ],
            "development": true,
            "edition": "ADVANCED",
            "expected_last_modified": 0,
            "filters": [],
            "gateway_definition": [],
            "health": null,
            "id": "f7ca44be-eb92-417b-aa68-c981974c4014",
            "ingestion_definition": [],
            "last_modified": 1746566145139,
            "latest_updates": [],
            "library": [
              {
                "file": [
                  {
                    "path": "/Workspace/Users/pavle@researchaccelerator.org/.bundle/silver_comscore/dev_pavle/files/bundles/silver/comscore/tests/test_pipeline.py"
                  }
                ],
                "jar": "",
                "maven": [],
                "notebook": [],
                "whl": ""
              }
            ],
            "name": "[dev pavle] dev_pavle - Comscore Silver Unit Tests",
            "notification": [],
            "photon": false,
            "restart_window": [],
            "run_as": [
              {
                "service_principal_name": "",
                "user_name": "pavle@researchaccelerator.org"
              }
            ],
            "run_as_user_name": "pavle@researchaccelerator.org",
            "schema": null,
            "serverless": true,
            "state": "IDLE",
            "storage": null,
            "target": "silver",
            "timeouts": null,
            "trigger": [],
            "url": "https://adb-1335559103600339.19.azuredatabricks.net/#joblist/pipelines/f7ca44be-eb92-417b-aa68-c981974c4014"
          },
          "sensitive_attributes": [],
          "private": "eyJlMmJmYjczMC1lY2FhLTExZTYtOGY4OC0zNDM2M2JjN2M0YzAiOnsiY3JlYXRlIjoxMjAwMDAwMDAwMDAwLCJkZWZhdWx0IjoxMjAwMDAwMDAwMDAwLCJkZWxldGUiOjEyMDAwMDAwMDAwMDAsInJlYWQiOjEyMDAwMDAwMDAwMDAsInVwZGF0ZSI6MTIwMDAwMDAwMDAwMH19"
        }
      ]
    }
  ],
  "check_results": null
}
