{
  "version": 4,
  "terraform_version": "1.5.5",
  "serial": 51,
  "lineage": "9e6d2463-1e6e-a51e-c132-64aaab521633",
  "outputs": {},
  "resources": [
    {
      "mode": "managed",
      "type": "databricks_pipeline",
      "name": "bronze_unit_tests",
      "provider": "provider[\"registry.terraform.io/databricks/databricks\"]",
      "instances": [
        {
          "schema_version": 0,
          "attributes": {
            "allow_duplicate_names": false,
            "budget_policy_id": null,
            "catalog": "dev_pavle",
            "cause": null,
            "channel": "CURRENT",
            "cluster": [],
            "cluster_id": null,
            "configuration": {
              "catalog": "dev_pavle",
              "schema": "bronze",
              "table_name": "comscore_bz_mobile_traffic",
              "test_table_name": "test_table"
            },
            "continuous": false,
            "creator_user_name": "pavle@researchaccelerator.org",
            "deployment": [
              {
                "kind": "BUNDLE",
                "metadata_file_path": "/Workspace/Users/pavle@researchaccelerator.org/.bundle/bronze_comscore/dev_pavle/state/metadata.json"
              }
            ],
            "development": true,
            "edition": "ADVANCED",
            "expected_last_modified": 0,
            "filters": [],
            "gateway_definition": [],
            "health": null,
            "id": "7b49df0e-bb55-4e8e-a8b2-c712bb99ebbf",
            "ingestion_definition": [],
            "last_modified": 1747956470755,
            "latest_updates": [],
            "library": [
              {
                "file": [
                  {
                    "path": "/Workspace/Users/pavle@researchaccelerator.org/.bundle/bronze_comscore/dev_pavle/files/bundles/bronze/comscore/tests/test_pipeline.py"
                  }
                ],
                "jar": "",
                "maven": [],
                "notebook": [],
                "whl": ""
              }
            ],
            "name": "[dev pavle] dev_pavle - Comscore Bronze Unit Tests",
            "notification": [],
            "photon": false,
            "restart_window": [],
            "run_as": [
              {
                "service_principal_name": "",
                "user_name": "pavle@researchaccelerator.org"
              }
            ],
            "run_as_user_name": "pavle@researchaccelerator.org",
            "schema": null,
            "serverless": false,
            "state": "IDLE",
            "storage": null,
            "target": "bronze",
            "timeouts": null,
            "trigger": [],
            "url": "https://adb-1335559103600339.19.azuredatabricks.net/#joblist/pipelines/7b49df0e-bb55-4e8e-a8b2-c712bb99ebbf"
          },
          "sensitive_attributes": [],
          "private": "eyJlMmJmYjczMC1lY2FhLTExZTYtOGY4OC0zNDM2M2JjN2M0YzAiOnsiY3JlYXRlIjoxMjAwMDAwMDAwMDAwLCJkZWZhdWx0IjoxMjAwMDAwMDAwMDAwLCJkZWxldGUiOjEyMDAwMDAwMDAwMDAsInJlYWQiOjEyMDAwMDAwMDAwMDAsInVwZGF0ZSI6MTIwMDAwMDAwMDAwMH19"
        }
      ]
    },
    {
      "mode": "managed",
      "type": "databricks_pipeline",
      "name": "comscore_desktop_day_session_ingest",
      "provider": "provider[\"registry.terraform.io/databricks/databricks\"]",
      "instances": [
        {
          "schema_version": 0,
          "attributes": {
            "allow_duplicate_names": false,
            "budget_policy_id": null,
            "catalog": "dev_pavle",
            "cause": null,
            "channel": "CURRENT",
            "cluster": [],
            "cluster_id": null,
            "configuration": {
              "desktop_day_session_data_path": "dbfs:/Volumes/raw_ingest_catalog/default/comscore/US/desktop_day_session/",
              "file_format": "csv",
              "file_pattern": "*.csv.gz",
              "ingest_platform": "Comscore",
              "platform_code": "CS",
              "sampling_method": "N/A",
              "schema_path": "dbfs:/Volumes/dev_catalog/default/comscore_raw/comscore_desktop_day_session_schema.json",
              "sourcing_system": "Comscore",
              "text_file_pattern": "*.txt.gz"
            },
            "continuous": false,
            "creator_user_name": "pavle@researchaccelerator.org",
            "deployment": [
              {
                "kind": "BUNDLE",
                "metadata_file_path": "/Workspace/Users/pavle@researchaccelerator.org/.bundle/bronze_comscore/dev_pavle/state/metadata.json"
              }
            ],
            "development": true,
            "edition": "ADVANCED",
            "expected_last_modified": 0,
            "filters": [],
            "gateway_definition": [],
            "health": null,
            "id": "70761c4f-dbe5-4760-ac56-e26a1ada5763",
            "ingestion_definition": [],
            "last_modified": 1747956471006,
            "latest_updates": [
              {
                "creation_time": "2025-05-22T23:28:24.416Z",
                "state": "COMPLETED",
                "update_id": "0c2fe777-471c-474a-8c25-41e2d6c6c12d"
              }
            ],
            "library": [
              {
                "file": [
                  {
                    "path": "/Workspace/Users/pavle@researchaccelerator.org/.bundle/bronze_comscore/dev_pavle/files/bundles/bronze/comscore/comscore_desktop_day_session_pl.py"
                  }
                ],
                "jar": "",
                "maven": [],
                "notebook": [],
                "whl": ""
              }
            ],
            "name": "[dev pavle] dev_pavle - Comscore Desktop Day Session Ingest",
            "notification": [],
            "photon": false,
            "restart_window": [],
            "run_as": [
              {
                "service_principal_name": "",
                "user_name": "pavle@researchaccelerator.org"
              }
            ],
            "run_as_user_name": "pavle@researchaccelerator.org",
            "schema": null,
            "serverless": true,
            "state": "IDLE",
            "storage": null,
            "target": "bronze",
            "timeouts": null,
            "trigger": [],
            "url": "https://adb-1335559103600339.19.azuredatabricks.net/#joblist/pipelines/70761c4f-dbe5-4760-ac56-e26a1ada5763"
          },
          "sensitive_attributes": [],
          "private": "eyJlMmJmYjczMC1lY2FhLTExZTYtOGY4OC0zNDM2M2JjN2M0YzAiOnsiY3JlYXRlIjoxMjAwMDAwMDAwMDAwLCJkZWZhdWx0IjoxMjAwMDAwMDAwMDAwLCJkZWxldGUiOjEyMDAwMDAwMDAwMDAsInJlYWQiOjEyMDAwMDAwMDAwMDAsInVwZGF0ZSI6MTIwMDAwMDAwMDAwMH19"
        }
      ]
    },
    {
      "mode": "managed",
      "type": "databricks_pipeline",
      "name": "comscore_desktop_ingest",
      "provider": "provider[\"registry.terraform.io/databricks/databricks\"]",
      "instances": [
        {
          "schema_version": 0,
          "attributes": {
            "allow_duplicate_names": false,
            "budget_policy_id": null,
            "catalog": "dev_pavle",
            "cause": null,
            "channel": "CURRENT",
            "cluster": [],
            "cluster_id": null,
            "configuration": {
              "desktop_data_path": "dbfs:/Volumes/raw_ingest_catalog/default/comscore/DESKTOP_URL_TRAFFIC/US/2024/01/8775/",
              "file_format": "csv",
              "file_pattern": "*.csv.gz",
              "ingest_platform": "Comscore",
              "platform_code": "CS",
              "sampling_method": "N/A",
              "sourcing_system": "Comscore",
              "text_file_pattern": "*.txt.gz"
            },
            "continuous": false,
            "creator_user_name": "pavle@researchaccelerator.org",
            "deployment": [
              {
                "kind": "BUNDLE",
                "metadata_file_path": "/Workspace/Users/pavle@researchaccelerator.org/.bundle/bronze_comscore/dev_pavle/state/metadata.json"
              }
            ],
            "development": true,
            "edition": "ADVANCED",
            "expected_last_modified": 0,
            "filters": [],
            "gateway_definition": [],
            "health": null,
            "id": "8bafdee5-7fe7-4ccf-ab27-88f9a614f222",
            "ingestion_definition": [],
            "last_modified": 1747956471030,
            "latest_updates": [],
            "library": [
              {
                "file": [
                  {
                    "path": "/Workspace/Users/pavle@researchaccelerator.org/.bundle/bronze_comscore/dev_pavle/files/bundles/bronze/comscore/comscore_desktop_pl.py"
                  }
                ],
                "jar": "",
                "maven": [],
                "notebook": [],
                "whl": ""
              }
            ],
            "name": "[dev pavle] dev_pavle - Comscore Desktop Ingest",
            "notification": [],
            "photon": true,
            "restart_window": [],
            "run_as": [
              {
                "service_principal_name": "",
                "user_name": "pavle@researchaccelerator.org"
              }
            ],
            "run_as_user_name": "pavle@researchaccelerator.org",
            "schema": null,
            "serverless": true,
            "state": "IDLE",
            "storage": null,
            "target": "bronze",
            "timeouts": null,
            "trigger": [],
            "url": "https://adb-1335559103600339.19.azuredatabricks.net/#joblist/pipelines/8bafdee5-7fe7-4ccf-ab27-88f9a614f222"
          },
          "sensitive_attributes": [],
          "private": "eyJlMmJmYjczMC1lY2FhLTExZTYtOGY4OC0zNDM2M2JjN2M0YzAiOnsiY3JlYXRlIjoxMjAwMDAwMDAwMDAwLCJkZWZhdWx0IjoxMjAwMDAwMDAwMDAwLCJkZWxldGUiOjEyMDAwMDAwMDAwMDAsInJlYWQiOjEyMDAwMDAwMDAwMDAsInVwZGF0ZSI6MTIwMDAwMDAwMDAwMH19"
        }
      ]
    },
    {
      "mode": "managed",
      "type": "databricks_pipeline",
      "name": "comscore_lookup_ingest",
      "provider": "provider[\"registry.terraform.io/databricks/databricks\"]",
      "instances": [
        {
          "schema_version": 0,
          "attributes": {
            "allow_duplicate_names": false,
            "budget_policy_id": null,
            "catalog": "dev_pavle",
            "cause": null,
            "channel": "CURRENT",
            "cluster": [],
            "cluster_id": null,
            "configuration": {
              "browser_type_lookup_data_path": "dbfs:/Volumes/raw_ingest_catalog/default/comscore/Lookups/browser_type/",
              "desktop_demographic_data_path": "dbfs:/Volumes/raw_ingest_catalog/default/comscore/US/desktop_demographics/US_comscore_machine_demos_202001.txt.gz",
              "desktop_os_lookup_data_path": "dbfs:/Volumes/raw_ingest_catalog/default/comscore/Lookups/desktop_OS_lookup/",
              "desktop_search_click_data_path": "dbfs:/Volumes/raw_ingest_catalog/default/comscore/US/desktop_search_click/US_comscore_click_rate_20200727.txt.gz",
              "desktop_search_fact_data_path": "dbfs:/Volumes/raw_ingest_catalog/default/comscore/US/desktop_search_fact/US_comscore_search_fact_20191230.txt.gz",
              "desktop_web_entity_data_path": "dbfs:/Volumes/raw_ingest_catalog/default/comscore/US/desktop_search_web_entity_map/US_comscore_search_web_entity_map_20191230.txt.gz",
              "file_format": "csv",
              "file_pattern": "*.csv.gz",
              "ingest_platform": "Comscore",
              "platform_code": "CS",
              "sampling_method": "N/A",
              "sourcing_system": "Comscore",
              "text_file_pattern": "*.txt.gz",
              "time_lookup_data_path": "dbfs:/Volumes/raw_ingest_catalog/default/comscore/Lookups/time_lookup/",
              "traffic_category_data_path": "dbfs:/Volumes/raw_ingest_catalog/default/comscore/Lookups/traffic_category_map/comscore_category_map_201901.txt.gz"
            },
            "continuous": false,
            "creator_user_name": "pavle@researchaccelerator.org",
            "deployment": [
              {
                "kind": "BUNDLE",
                "metadata_file_path": "/Workspace/Users/pavle@researchaccelerator.org/.bundle/bronze_comscore/dev_pavle/state/metadata.json"
              }
            ],
            "development": true,
            "edition": "ADVANCED",
            "expected_last_modified": 0,
            "filters": [],
            "gateway_definition": [],
            "health": null,
            "id": "828d9ad0-db14-4f6d-8774-e2f2f0cab445",
            "ingestion_definition": [],
            "last_modified": 1748900029269,
            "latest_updates": null,
            "library": [
              {
                "file": [
                  {
                    "path": "/Workspace/Users/pavle@researchaccelerator.org/.bundle/bronze_comscore/dev_pavle/files/bundles/bronze/comscore/comscore_lookup_pl.py"
                  }
                ],
                "jar": "",
                "maven": [],
                "notebook": [],
                "whl": ""
              }
            ],
            "name": "[dev pavle] dev_pavle - Comscore Lookup Ingest",
            "notification": [],
            "photon": false,
            "restart_window": [],
            "run_as": [
              {
                "service_principal_name": "",
                "user_name": "pavle@researchaccelerator.org"
              }
            ],
            "run_as_user_name": "pavle@researchaccelerator.org",
            "schema": null,
            "serverless": true,
            "state": "IDLE",
            "storage": null,
            "target": "bronze",
            "timeouts": null,
            "trigger": [],
            "url": "https://adb-1335559103600339.19.azuredatabricks.net/#joblist/pipelines/828d9ad0-db14-4f6d-8774-e2f2f0cab445"
          },
          "sensitive_attributes": [],
          "private": "eyJlMmJmYjczMC1lY2FhLTExZTYtOGY4OC0zNDM2M2JjN2M0YzAiOnsiY3JlYXRlIjoxMjAwMDAwMDAwMDAwLCJkZWZhdWx0IjoxMjAwMDAwMDAwMDAwLCJkZWxldGUiOjEyMDAwMDAwMDAwMDAsInJlYWQiOjEyMDAwMDAwMDAwMDAsInVwZGF0ZSI6MTIwMDAwMDAwMDAwMH19"
        }
      ]
    },
    {
      "mode": "managed",
      "type": "databricks_pipeline",
      "name": "comscore_mobile_ingest",
      "provider": "provider[\"registry.terraform.io/databricks/databricks\"]",
      "instances": [
        {
          "schema_version": 0,
          "attributes": {
            "allow_duplicate_names": false,
            "budget_policy_id": null,
            "catalog": "dev_pavle",
            "cause": null,
            "channel": "CURRENT",
            "cluster": [],
            "cluster_id": null,
            "configuration": {
              "android_data_path": "dbfs:/Volumes/raw_ingest_catalog/default/comscore/ANDROID_URL_TRAFFIC/US/2019/01/6941",
              "file_format": "csv",
              "file_pattern": "*.csv.gz",
              "ingest_platform": "Comscore",
              "ios_data_path": "dbfs:/Volumes/raw_ingest_catalog/default/comscore/IOS_URL_TRAFFIC/US/2019/01/6941/",
              "mobile_day_session_data_path": "dbfs:/Volumes/raw_ingest_catalog/default/comscore/US/mobile_day_session/comscore_mobile_day_session_252m.txt.gz",
              "mobile_demographic_data_path": "dbfs:/Volumes/raw_ingest_catalog/default/comscore/US/mobile_demographics/US_comscore_mobile_demos_201901.txt.gz",
              "platform_code": "CS",
              "sampling_method": "N/A",
              "sourcing_system": "Comscore",
              "text_file_pattern": "*.txt.gz"
            },
            "continuous": false,
            "creator_user_name": "pavle@researchaccelerator.org",
            "deployment": [
              {
                "kind": "BUNDLE",
                "metadata_file_path": "/Workspace/Users/pavle@researchaccelerator.org/.bundle/bronze_comscore/dev_pavle/state/metadata.json"
              }
            ],
            "development": true,
            "edition": "ADVANCED",
            "expected_last_modified": 0,
            "filters": [],
            "gateway_definition": [],
            "health": null,
            "id": "82477d68-133f-4e2e-a52d-35e65f151f66",
            "ingestion_definition": [],
            "last_modified": 1747956471027,
            "latest_updates": [],
            "library": [
              {
                "file": [
                  {
                    "path": "/Workspace/Users/pavle@researchaccelerator.org/.bundle/bronze_comscore/dev_pavle/files/bundles/bronze/comscore/comscore_mobile_pl.py"
                  }
                ],
                "jar": "",
                "maven": [],
                "notebook": [],
                "whl": ""
              }
            ],
            "name": "[dev pavle] dev_pavle - Comscore Mobile Ingest",
            "notification": [],
            "photon": true,
            "restart_window": [],
            "run_as": [
              {
                "service_principal_name": "",
                "user_name": "pavle@researchaccelerator.org"
              }
            ],
            "run_as_user_name": "pavle@researchaccelerator.org",
            "schema": null,
            "serverless": true,
            "state": "IDLE",
            "storage": null,
            "target": "bronze",
            "timeouts": null,
            "trigger": [],
            "url": "https://adb-1335559103600339.19.azuredatabricks.net/#joblist/pipelines/82477d68-133f-4e2e-a52d-35e65f151f66"
          },
          "sensitive_attributes": [],
          "private": "eyJlMmJmYjczMC1lY2FhLTExZTYtOGY4OC0zNDM2M2JjN2M0YzAiOnsiY3JlYXRlIjoxMjAwMDAwMDAwMDAwLCJkZWZhdWx0IjoxMjAwMDAwMDAwMDAwLCJkZWxldGUiOjEyMDAwMDAwMDAwMDAsInJlYWQiOjEyMDAwMDAwMDAwMDAsInVwZGF0ZSI6MTIwMDAwMDAwMDAwMH19"
        }
      ]
    }
  ],
  "check_results": null
}
