{
  "version": 4,
  "terraform_version": "1.5.5",
  "serial": 17,
  "lineage": "5b3abb4c-aef7-a98a-ac9d-1d1b191ae0e8",
  "outputs": {},
  "resources": [
    {
      "mode": "managed",
      "type": "databricks_pipeline",
      "name": "comscore_silver_clean_transform",
      "provider": "provider[\"registry.terraform.io/databricks/databricks\"]",
      "instances": [
        {
          "schema_version": 0,
          "attributes": {
            "allow_duplicate_names": false,
            "budget_policy_id": null,
            "catalog": "qa_comscore",
            "cause": null,
            "channel": "CURRENT",
            "cluster": [],
            "cluster_id": null,
            "configuration": {
              "android_traffic_table": "comscore_android_traffic",
              "bronze_schema": "bronze",
              "browser_lookup_table": "comscore_bz_browser_lookup",
              "catalog": "qa_comscore",
              "desktop_combined_demographic_table": "comscore_bz_desktop_combined_demographic",
              "desktop_day_session_table": "comscore_bz_desktop_day_session",
              "desktop_os_lookup_table": "comscore_bz_desktop_os_lookup",
              "desktop_search_click_table": "comscore_bz_desktop_search_click",
              "desktop_search_fact_table": "comscore_bz_desktop_search_fact",
              "desktop_traffic_table": "comscore_desktop_traffic",
              "desktop_web_entity_table": "comscore_bz_desktop_web_entity",
              "ios_traffic_table": "comscore_ios_traffic",
              "mobile_day_session_table": "comscore_mobile_day_session",
              "mobile_demographic_table": "comscore_mobile_demographic",
              "platform_name": "Comscore",
              "schema": "silver",
              "schema_bronze": "bronze",
              "time_lookup_table": "comscore_bz_time_lookup",
              "traffic_category_table": "comscore_bz_traffic_category_lookup"
            },
            "continuous": false,
            "creator_user_name": "pavle@researchaccelerator.org",
            "deployment": [
              {
                "kind": "BUNDLE",
                "metadata_file_path": "/Workspace/Shared/.pipelines/silver_comscore/state/metadata.json"
              }
            ],
            "development": false,
            "edition": "ADVANCED",
            "expected_last_modified": 0,
            "filters": [],
            "gateway_definition": [],
            "health": null,
            "id": "28b3e73f-730e-44f9-9008-b981534f3f53",
            "ingestion_definition": [],
            "last_modified": 1749141964481,
            "latest_updates": [
              {
                "creation_time": "2025-05-13T21:57:10.746Z",
                "state": "COMPLETED",
                "update_id": "be3519b1-ceae-4857-a4f6-cff969dddee8"
              },
              {
                "creation_time": "2025-05-13T21:54:41.221Z",
                "state": "FAILED",
                "update_id": "55401e5e-aeba-4736-b7c2-2e8504a82886"
              },
              {
                "creation_time": "2025-05-13T21:52:49.681Z",
                "state": "FAILED",
                "update_id": "d3208061-6a6d-42d3-a5ae-c029aaefedff"
              },
              {
                "creation_time": "2025-05-13T21:51:20.709Z",
                "state": "FAILED",
                "update_id": "700da6a8-8a36-448f-8755-2effaef85a86"
              },
              {
                "creation_time": "2025-05-13T21:50:25.600Z",
                "state": "FAILED",
                "update_id": "4ff6f749-fd54-49c4-863f-b2284af5470d"
              }
            ],
            "library": [
              {
                "file": [
                  {
                    "path": "/Workspace/Shared/.pipelines/silver_comscore/files/bundles/silver/comscore/comscore_silver_pipeline.py"
                  }
                ],
                "jar": "",
                "maven": [],
                "notebook": [],
                "whl": ""
              }
            ],
            "name": "qa_comscore - Comscore Silver Clean Transform",
            "notification": [],
            "photon": false,
            "restart_window": [],
            "run_as": [
              {
                "service_principal_name": "",
                "user_name": "pavle@researchaccelerator.org"
              }
            ],
            "run_as_user_name": "pavle@researchaccelerator.org",
            "schema": null,
            "serverless": true,
            "state": "IDLE",
            "storage": null,
            "target": "silver",
            "timeouts": null,
            "trigger": [],
            "url": "https://adb-1335559103600339.19.azuredatabricks.net/#joblist/pipelines/28b3e73f-730e-44f9-9008-b981534f3f53"
          },
          "sensitive_attributes": [],
          "private": "eyJlMmJmYjczMC1lY2FhLTExZTYtOGY4OC0zNDM2M2JjN2M0YzAiOnsiY3JlYXRlIjoxMjAwMDAwMDAwMDAwLCJkZWZhdWx0IjoxMjAwMDAwMDAwMDAwLCJkZWxldGUiOjEyMDAwMDAwMDAwMDAsInJlYWQiOjEyMDAwMDAwMDAwMDAsInVwZGF0ZSI6MTIwMDAwMDAwMDAwMH19"
        }
      ]
    },
    {
      "mode": "managed",
      "type": "databricks_pipeline",
      "name": "comscore_silver_desktop_traffic",
      "provider": "provider[\"registry.terraform.io/databricks/databricks\"]",
      "instances": [
        {
          "schema_version": 0,
          "attributes": {
            "allow_duplicate_names": false,
            "budget_policy_id": null,
            "catalog": "qa_comscore",
            "cause": null,
            "channel": "CURRENT",
            "cluster": [],
            "cluster_id": null,
            "configuration": {
              "catalog": "qa_comscore",
              "desktop_combined_demographic_table": "comscore_bz_desktop_combined_demographic",
              "desktop_os_lookup_table": "comscore_bz_desktop_os_lookup",
              "desktop_traffic_table": "comscore_desktop_traffic",
              "platform_name": "Comscore",
              "schema": "silver",
              "schema_bronze": "bronze",
              "time_lookup_table": "comscore_bz_time_lookup"
            },
            "continuous": false,
            "creator_user_name": "pavle@researchaccelerator.org",
            "deployment": [
              {
                "kind": "BUNDLE",
                "metadata_file_path": "/Workspace/Shared/.pipelines/silver_comscore/state/metadata.json"
              }
            ],
            "development": false,
            "edition": "ADVANCED",
            "expected_last_modified": 0,
            "filters": [],
            "gateway_definition": [],
            "health": null,
            "id": "8ff2cdd3-c975-4539-963a-45e5b6a1b820",
            "ingestion_definition": [],
            "last_modified": 1749141964621,
            "latest_updates": null,
            "library": [
              {
                "file": [
                  {
                    "path": "/Workspace/Shared/.pipelines/silver_comscore/files/bundles/silver/comscore/comscore_silver_desktop_traffic_pl.py"
                  }
                ],
                "jar": "",
                "maven": [],
                "notebook": [],
                "whl": ""
              }
            ],
            "name": "qa_comscore - Comscore Silver Desktop Traffic",
            "notification": [],
            "photon": true,
            "restart_window": [],
            "run_as": [
              {
                "service_principal_name": "",
                "user_name": "pavle@researchaccelerator.org"
              }
            ],
            "run_as_user_name": "pavle@researchaccelerator.org",
            "schema": null,
            "serverless": true,
            "state": "IDLE",
            "storage": null,
            "target": "silver",
            "timeouts": null,
            "trigger": [],
            "url": "https://adb-1335559103600339.19.azuredatabricks.net/#joblist/pipelines/8ff2cdd3-c975-4539-963a-45e5b6a1b820"
          },
          "sensitive_attributes": [],
          "private": "eyJlMmJmYjczMC1lY2FhLTExZTYtOGY4OC0zNDM2M2JjN2M0YzAiOnsiY3JlYXRlIjoxMjAwMDAwMDAwMDAwLCJkZWZhdWx0IjoxMjAwMDAwMDAwMDAwLCJkZWxldGUiOjEyMDAwMDAwMDAwMDAsInJlYWQiOjEyMDAwMDAwMDAwMDAsInVwZGF0ZSI6MTIwMDAwMDAwMDAwMH19"
        }
      ]
    },
    {
      "mode": "managed",
      "type": "databricks_pipeline",
      "name": "silver_unit_tests",
      "provider": "provider[\"registry.terraform.io/databricks/databricks\"]",
      "instances": [
        {
          "schema_version": 0,
          "attributes": {
            "allow_duplicate_names": false,
            "budget_policy_id": null,
            "catalog": "qa_comscore",
            "cause": null,
            "channel": "CURRENT",
            "cluster": [],
            "cluster_id": null,
            "configuration": {
              "catalog": "qa_comscore",
              "schema": "silver",
              "test_table_name": "test_table"
            },
            "continuous": false,
            "creator_user_name": "pavle@researchaccelerator.org",
            "deployment": [
              {
                "kind": "BUNDLE",
                "metadata_file_path": "/Workspace/Shared/.pipelines/silver_comscore/state/metadata.json"
              }
            ],
            "development": false,
            "edition": "ADVANCED",
            "expected_last_modified": 0,
            "filters": [],
            "gateway_definition": [],
            "health": null,
            "id": "a572875e-a4be-4e8e-b02b-a17f0c8e0d65",
            "ingestion_definition": [],
            "last_modified": 1747095154543,
            "latest_updates": [],
            "library": [
              {
                "file": [
                  {
                    "path": "/Workspace/Shared/.pipelines/silver_comscore/files/bundles/silver/comscore/tests/test_pipeline.py"
                  }
                ],
                "jar": "",
                "maven": [],
                "notebook": [],
                "whl": ""
              }
            ],
            "name": "qa_comscore - Comscore Silver Unit Tests",
            "notification": [],
            "photon": false,
            "restart_window": [],
            "run_as": [
              {
                "service_principal_name": "",
                "user_name": "pavle@researchaccelerator.org"
              }
            ],
            "run_as_user_name": "pavle@researchaccelerator.org",
            "schema": null,
            "serverless": true,
            "state": "IDLE",
            "storage": null,
            "target": "silver",
            "timeouts": null,
            "trigger": [],
            "url": "https://adb-1335559103600339.19.azuredatabricks.net/#joblist/pipelines/a572875e-a4be-4e8e-b02b-a17f0c8e0d65"
          },
          "sensitive_attributes": [],
          "private": "eyJlMmJmYjczMC1lY2FhLTExZTYtOGY4OC0zNDM2M2JjN2M0YzAiOnsiY3JlYXRlIjoxMjAwMDAwMDAwMDAwLCJkZWZhdWx0IjoxMjAwMDAwMDAwMDAwLCJkZWxldGUiOjEyMDAwMDAwMDAwMDAsInJlYWQiOjEyMDAwMDAwMDAwMDAsInVwZGF0ZSI6MTIwMDAwMDAwMDAwMH19"
        }
      ]
    }
  ],
  "check_results": null
}
